
Microsoft Visual Studio Solution File, Format Version 12.00
# Visual Studio Version 17
VisualStudioVersion = 17.8.34330.188
MinimumVisualStudioVersion = 10.0.40219.1
Project("{FAE04EC0-301F-11D3-BF4B-00C04F79EFBC}") = "ProfilUcznia.Android", "ProfilUcznia\ProfilUcznia.Android\ProfilUcznia.Android.csproj", "{104057DF-CE37-4F44-870E-E8EB476BC54F}"
EndProject
Project("{FAE04EC0-301F-11D3-BF4B-00C04F79EFBC}") = "ProfilUcznia", "ProfilUcznia\ProfilUcznia\ProfilUcznia.csproj", "{5915A54C-5B0F-49B1-BF9E-84BB9E19D220}"
EndProject
Global
	GlobalSection(SolutionConfigurationPlatforms) = preSolution
		Debug|Any CPU = Debug|Any CPU
		Release|Any CPU = Release|Any CPU
	EndGlobalSection
	GlobalSection(ProjectConfigurationPlatforms) = postSolution
		{104057DF-CE37-4F44-870E-E8EB476BC54F}.Debug|Any CPU.ActiveCfg = Debug|Any CPU
		{104057DF-CE37-4F44-870E-E8EB476BC54F}.Debug|Any CPU.Build.0 = Debug|Any CPU
		{104057DF-CE37-4F44-870E-E8EB476BC54F}.Debug|Any CPU.Deploy.0 = Debug|Any CPU
		{104057DF-CE37-4F44-870E-E8EB476BC54F}.Release|Any CPU.ActiveCfg = Release|Any CPU
		{104057DF-CE37-4F44-870E-E8EB476BC54F}.Release|Any CPU.Build.0 = Release|Any CPU
		{104057DF-CE37-4F44-870E-E8EB476BC54F}.Release|Any CPU.Deploy.0 = Release|Any CPU
		{5915A54C-5B0F-49B1-BF9E-84BB9E19D220}.Debug|Any CPU.ActiveCfg = Debug|Any CPU
		{5915A54C-5B0F-49B1-BF9E-84BB9E19D220}.Debug|Any CPU.Build.0 = Debug|Any CPU
		{5915A54C-5B0F-49B1-BF9E-84BB9E19D220}.Debug|Any CPU.Deploy.0 = Debug|Any CPU
		{5915A54C-5B0F-49B1-BF9E-84BB9E19D220}.Release|Any CPU.ActiveCfg = Release|Any CPU
		{5915A54C-5B0F-49B1-BF9E-84BB9E19D220}.Release|Any CPU.Build.0 = Release|Any CPU
		{5915A54C-5B0F-49B1-BF9E-84BB9E19D220}.Release|Any CPU.Deploy.0 = Release|Any CPU
	EndGlobalSection
	GlobalSection(SolutionProperties) = preSolution
		HideSolutionNode = FALSE
	EndGlobalSection
	GlobalSection(ExtensibilityGlobals) = postSolution
		SolutionGuid = {413E2D1F-41F7-48B4-ACAD-87AFE584BD88}
	EndGlobalSection
EndGlobal
